PODS:
  - SMToaster (0.1.0)

DEPENDENCIES:
  - SMToaster (from `~/Desktop/Projects/SMToaster/SMToaster`)

EXTERNAL SOURCES:
  SMToaster:
    :path: "~/Desktop/Projects/SMToaster/SMToaster"

SPEC CHECKSUMS:
  SMToaster: c5aaf43d3b4aef4efeb1e1107e1b99a32269727c

PODFILE CHECKSUM: bde04f923f3e7ba08479174b66073ae09807af10

COCOAPODS: 1.6.1
